
Microsoft Visual Studio Solution File, Format Version 12.00
# Visual Studio 15
VisualStudioVersion = 15.0.27703.2042
MinimumVisualStudioVersion = 10.0.40219.1
Project("{FAE04EC0-301F-11D3-BF4B-00C04F79EFBC}") = "1.1 - Creating a Window", "1.1 - Creating a Window\1.1 - Creating a Window.csproj", "{39A0FE24-A920-4C13-9BB9-18483FECD55D}"
EndProject
Project("{FAE04EC0-301F-11D3-BF4B-00C04F79EFBC}") = "1.2 - Hello Triangle", "1.2 - Hello Triangle\1.2 - Hello Triangle.csproj", "{6E4EC91D-F0D3-42BC-8306-09671FA9E332}"
EndProject
Project("{FAE04EC0-301F-11D3-BF4B-00C04F79EFBC}") = "1.4 - Textures", "1.4 - Textures\1.4 - Textures.csproj", "{63476AD1-106A-4086-8B0E-E295567BC526}"
EndProject
Project("{FAE04EC0-301F-11D3-BF4B-00C04F79EFBC}") = "1.3 - Element Buffer Objects", "1.3 - Element Buffer Objects\1.3 - Element Buffer Objects.csproj", "{BC7E1E6C-30F4-4D37-BEAD-44571FCD4ECD}"
EndProject
Global
	GlobalSection(SolutionConfigurationPlatforms) = preSolution
		Debug|Any CPU = Debug|Any CPU
		Release|Any CPU = Release|Any CPU
	EndGlobalSection
	GlobalSection(ProjectConfigurationPlatforms) = postSolution
		{39A0FE24-A920-4C13-9BB9-18483FECD55D}.Debug|Any CPU.ActiveCfg = Debug|Any CPU
		{39A0FE24-A920-4C13-9BB9-18483FECD55D}.Debug|Any CPU.Build.0 = Debug|Any CPU
		{39A0FE24-A920-4C13-9BB9-18483FECD55D}.Release|Any CPU.ActiveCfg = Release|Any CPU
		{39A0FE24-A920-4C13-9BB9-18483FECD55D}.Release|Any CPU.Build.0 = Release|Any CPU
		{6E4EC91D-F0D3-42BC-8306-09671FA9E332}.Debug|Any CPU.ActiveCfg = Debug|Any CPU
		{6E4EC91D-F0D3-42BC-8306-09671FA9E332}.Debug|Any CPU.Build.0 = Debug|Any CPU
		{6E4EC91D-F0D3-42BC-8306-09671FA9E332}.Release|Any CPU.ActiveCfg = Release|Any CPU
		{6E4EC91D-F0D3-42BC-8306-09671FA9E332}.Release|Any CPU.Build.0 = Release|Any CPU
		{63476AD1-106A-4086-8B0E-E295567BC526}.Debug|Any CPU.ActiveCfg = Debug|Any CPU
		{63476AD1-106A-4086-8B0E-E295567BC526}.Debug|Any CPU.Build.0 = Debug|Any CPU
		{63476AD1-106A-4086-8B0E-E295567BC526}.Release|Any CPU.ActiveCfg = Release|Any CPU
		{63476AD1-106A-4086-8B0E-E295567BC526}.Release|Any CPU.Build.0 = Release|Any CPU
		{BC7E1E6C-30F4-4D37-BEAD-44571FCD4ECD}.Debug|Any CPU.ActiveCfg = Debug|Any CPU
		{BC7E1E6C-30F4-4D37-BEAD-44571FCD4ECD}.Debug|Any CPU.Build.0 = Debug|Any CPU
		{BC7E1E6C-30F4-4D37-BEAD-44571FCD4ECD}.Release|Any CPU.ActiveCfg = Release|Any CPU
		{BC7E1E6C-30F4-4D37-BEAD-44571FCD4ECD}.Release|Any CPU.Build.0 = Release|Any CPU
	EndGlobalSection
	GlobalSection(SolutionProperties) = preSolution
		HideSolutionNode = FALSE
	EndGlobalSection
	GlobalSection(ExtensibilityGlobals) = postSolution
		SolutionGuid = {2A8747DC-91DB-4ECB-AB4A-5504F9D715D9}
	EndGlobalSection
EndGlobal
