
Microsoft Visual Studio Solution File, Format Version 12.00
# Visual Studio 15
VisualStudioVersion = 15.0.27703.2042
MinimumVisualStudioVersion = 10.0.40219.1
Project("{FAE04EC0-301F-11D3-BF4B-00C04F79EFBC}") = "1 - Creating a Window", "Chapter 1\1 - Creating a Window\1 - Creating a Window.csproj", "{39A0FE24-A920-4C13-9BB9-18483FECD55D}"
EndProject
Project("{FAE04EC0-301F-11D3-BF4B-00C04F79EFBC}") = "2 - Hello Triangle", "Chapter 1\2 - Hello Triangle\2 - Hello Triangle.csproj", "{6E4EC91D-F0D3-42BC-8306-09671FA9E332}"
EndProject
Project("{FAE04EC0-301F-11D3-BF4B-00C04F79EFBC}") = "4 - Textures", "Chapter 1\4 - Textures\4 - Textures.csproj", "{63476AD1-106A-4086-8B0E-E295567BC526}"
EndProject
Project("{FAE04EC0-301F-11D3-BF4B-00C04F79EFBC}") = "3 - Element Buffer Objects", "Chapter 1\3 - Element Buffer Objects\3 - Element Buffer Objects.csproj", "{BC7E1E6C-30F4-4D37-BEAD-44571FCD4ECD}"
EndProject
Project("{FAE04EC0-301F-11D3-BF4B-00C04F79EFBC}") = "5 - Multiple Textures", "Chapter 1\5 - Multiple Textures\5 - Multiple Textures.csproj", "{1A16223E-7FC4-41A4-9487-71B1782BC98D}"
EndProject
Project("{FAE04EC0-301F-11D3-BF4B-00C04F79EFBC}") = "6 - Transformations", "Chapter 1\6 - Transformations\6 - Transformations.csproj", "{3E11B0DB-76CD-4B23-84D3-0976C38B1A20}"
EndProject
Project("{FAE04EC0-301F-11D3-BF4B-00C04F79EFBC}") = "7 - Coordinates Systems", "Chapter 1\7 - Coordinates Systems\7 - Coordinates Systems.csproj", "{13DFF44A-3D98-44B9-ADE0-B447053FECFC}"
EndProject
Project("{FAE04EC0-301F-11D3-BF4B-00C04F79EFBC}") = "8 - Camera", "Chapter 1\8 - Camera\8 - Camera.csproj", "{F2E87EBD-BA5C-4A22-820F-99B492B39BCB}"
EndProject
Project("{FAE04EC0-301F-11D3-BF4B-00C04F79EFBC}") = "Common", "Common\Common.csproj", "{2CEFE30B-F99D-4E62-8D33-2366A6F75F7F}"
EndProject
Project("{2150E333-8FDC-42A3-9474-1A3956D46DE8}") = "Chapter 1", "Chapter 1", "{82711B26-1C0B-49D0-BA72-469B02C3D697}"
EndProject
Project("{2150E333-8FDC-42A3-9474-1A3956D46DE8}") = "Chapter 2", "Chapter 2", "{157F639C-0B61-4C39-A505-63BD94F443E1}"
EndProject
Global
	GlobalSection(SolutionConfigurationPlatforms) = preSolution
		Debug|Any CPU = Debug|Any CPU
		Release|Any CPU = Release|Any CPU
	EndGlobalSection
	GlobalSection(ProjectConfigurationPlatforms) = postSolution
		{39A0FE24-A920-4C13-9BB9-18483FECD55D}.Debug|Any CPU.ActiveCfg = Debug|Any CPU
		{39A0FE24-A920-4C13-9BB9-18483FECD55D}.Debug|Any CPU.Build.0 = Debug|Any CPU
		{39A0FE24-A920-4C13-9BB9-18483FECD55D}.Release|Any CPU.ActiveCfg = Release|Any CPU
		{39A0FE24-A920-4C13-9BB9-18483FECD55D}.Release|Any CPU.Build.0 = Release|Any CPU
		{6E4EC91D-F0D3-42BC-8306-09671FA9E332}.Debug|Any CPU.ActiveCfg = Debug|Any CPU
		{6E4EC91D-F0D3-42BC-8306-09671FA9E332}.Debug|Any CPU.Build.0 = Debug|Any CPU
		{6E4EC91D-F0D3-42BC-8306-09671FA9E332}.Release|Any CPU.ActiveCfg = Release|Any CPU
		{6E4EC91D-F0D3-42BC-8306-09671FA9E332}.Release|Any CPU.Build.0 = Release|Any CPU
		{63476AD1-106A-4086-8B0E-E295567BC526}.Debug|Any CPU.ActiveCfg = Debug|Any CPU
		{63476AD1-106A-4086-8B0E-E295567BC526}.Debug|Any CPU.Build.0 = Debug|Any CPU
		{63476AD1-106A-4086-8B0E-E295567BC526}.Release|Any CPU.ActiveCfg = Release|Any CPU
		{63476AD1-106A-4086-8B0E-E295567BC526}.Release|Any CPU.Build.0 = Release|Any CPU
		{BC7E1E6C-30F4-4D37-BEAD-44571FCD4ECD}.Debug|Any CPU.ActiveCfg = Debug|Any CPU
		{BC7E1E6C-30F4-4D37-BEAD-44571FCD4ECD}.Debug|Any CPU.Build.0 = Debug|Any CPU
		{BC7E1E6C-30F4-4D37-BEAD-44571FCD4ECD}.Release|Any CPU.ActiveCfg = Release|Any CPU
		{BC7E1E6C-30F4-4D37-BEAD-44571FCD4ECD}.Release|Any CPU.Build.0 = Release|Any CPU
		{1A16223E-7FC4-41A4-9487-71B1782BC98D}.Debug|Any CPU.ActiveCfg = Debug|Any CPU
		{1A16223E-7FC4-41A4-9487-71B1782BC98D}.Debug|Any CPU.Build.0 = Debug|Any CPU
		{1A16223E-7FC4-41A4-9487-71B1782BC98D}.Release|Any CPU.ActiveCfg = Release|Any CPU
		{1A16223E-7FC4-41A4-9487-71B1782BC98D}.Release|Any CPU.Build.0 = Release|Any CPU
		{3E11B0DB-76CD-4B23-84D3-0976C38B1A20}.Debug|Any CPU.ActiveCfg = Debug|Any CPU
		{3E11B0DB-76CD-4B23-84D3-0976C38B1A20}.Debug|Any CPU.Build.0 = Debug|Any CPU
		{3E11B0DB-76CD-4B23-84D3-0976C38B1A20}.Release|Any CPU.ActiveCfg = Release|Any CPU
		{3E11B0DB-76CD-4B23-84D3-0976C38B1A20}.Release|Any CPU.Build.0 = Release|Any CPU
		{13DFF44A-3D98-44B9-ADE0-B447053FECFC}.Debug|Any CPU.ActiveCfg = Debug|Any CPU
		{13DFF44A-3D98-44B9-ADE0-B447053FECFC}.Debug|Any CPU.Build.0 = Debug|Any CPU
		{13DFF44A-3D98-44B9-ADE0-B447053FECFC}.Release|Any CPU.ActiveCfg = Release|Any CPU
		{13DFF44A-3D98-44B9-ADE0-B447053FECFC}.Release|Any CPU.Build.0 = Release|Any CPU
		{2CEFE30B-F99D-4E62-8D33-2366A6F75F7F}.Debug|Any CPU.ActiveCfg = Debug|Any CPU
		{2CEFE30B-F99D-4E62-8D33-2366A6F75F7F}.Debug|Any CPU.Build.0 = Debug|Any CPU
		{2CEFE30B-F99D-4E62-8D33-2366A6F75F7F}.Release|Any CPU.ActiveCfg = Release|Any CPU
		{2CEFE30B-F99D-4E62-8D33-2366A6F75F7F}.Release|Any CPU.Build.0 = Release|Any CPU
		{F2E87EBD-BA5C-4A22-820F-99B492B39BCB}.Debug|Any CPU.ActiveCfg = Debug|Any CPU
		{F2E87EBD-BA5C-4A22-820F-99B492B39BCB}.Debug|Any CPU.Build.0 = Debug|Any CPU
		{F2E87EBD-BA5C-4A22-820F-99B492B39BCB}.Release|Any CPU.ActiveCfg = Release|Any CPU
		{F2E87EBD-BA5C-4A22-820F-99B492B39BCB}.Release|Any CPU.Build.0 = Release|Any CPU
	EndGlobalSection
	GlobalSection(SolutionProperties) = preSolution
		HideSolutionNode = FALSE
	EndGlobalSection
	GlobalSection(ExtensibilityGlobals) = postSolution
		SolutionGuid = {2A8747DC-91DB-4ECB-AB4A-5504F9D715D9}
	EndGlobalSection
	GlobalSection(NestedProjects) = preSolution
		{39A0FE24-A920-4C13-9BB9-18483FECD55D} = {82711B26-1C0B-49D0-BA72-469B02C3D697}
		{6E4EC91D-F0D3-42BC-8306-09671FA9E332} = {82711B26-1C0B-49D0-BA72-469B02C3D697}
		{BC7E1E6C-30F4-4D37-BEAD-44571FCD4ECD} = {82711B26-1C0B-49D0-BA72-469B02C3D697}
		{63476AD1-106A-4086-8B0E-E295567BC526} = {82711B26-1C0B-49D0-BA72-469B02C3D697}
		{1A16223E-7FC4-41A4-9487-71B1782BC98D} = {82711B26-1C0B-49D0-BA72-469B02C3D697}
		{3E11B0DB-76CD-4B23-84D3-0976C38B1A20} = {82711B26-1C0B-49D0-BA72-469B02C3D697}
		{13DFF44A-3D98-44B9-ADE0-B447053FECFC} = {82711B26-1C0B-49D0-BA72-469B02C3D697}
		{F2E87EBD-BA5C-4A22-820F-99B492B39BCB} = {82711B26-1C0B-49D0-BA72-469B02C3D697}
	EndGlobalSection
EndGlobal
