
Microsoft Visual Studio Solution File, Format Version 12.00
# Visual Studio Version 16
VisualStudioVersion = 16.0.30309.148
MinimumVisualStudioVersion = 10.0.40219.1
Project("{9A19103F-16F7-4668-BE54-9A1E7A4F7556}") = "1-CreatingAWindow", "Chapter1\1-CreatingAWindow\1-CreatingAWindow.csproj", "{39A0FE24-A920-4C13-9BB9-18483FECD55D}"
EndProject
Project("{9A19103F-16F7-4668-BE54-9A1E7A4F7556}") = "2-HelloTriangle", "Chapter1\2-HelloTriangle\2-HelloTriangle.csproj", "{6E4EC91D-F0D3-42BC-8306-09671FA9E332}"
EndProject
Project("{9A19103F-16F7-4668-BE54-9A1E7A4F7556}") = "5-Textures", "Chapter1\5-Textures\5-Textures.csproj", "{63476AD1-106A-4086-8B0E-E295567BC526}"
EndProject
Project("{9A19103F-16F7-4668-BE54-9A1E7A4F7556}") = "3-ElementBufferObjects", "Chapter1\3-ElementBufferObjects\3-ElementBufferObjects.csproj", "{BC7E1E6C-30F4-4D37-BEAD-44571FCD4ECD}"
EndProject
Project("{9A19103F-16F7-4668-BE54-9A1E7A4F7556}") = "6-MultipleTextures", "Chapter1\6-MultipleTextures\6-MultipleTextures.csproj", "{1A16223E-7FC4-41A4-9487-71B1782BC98D}"
EndProject
Project("{9A19103F-16F7-4668-BE54-9A1E7A4F7556}") = "7-Transformations", "Chapter1\7-Transformations\7-Transformations.csproj", "{3E11B0DB-76CD-4B23-84D3-0976C38B1A20}"
EndProject
Project("{9A19103F-16F7-4668-BE54-9A1E7A4F7556}") = "8-CoordinatesSystems", "Chapter1\8-CoordinatesSystems\8-CoordinatesSystems.csproj", "{13DFF44A-3D98-44B9-ADE0-B447053FECFC}"
EndProject
Project("{9A19103F-16F7-4668-BE54-9A1E7A4F7556}") = "9-Camera", "Chapter1\9-Camera\9-Camera.csproj", "{F2E87EBD-BA5C-4A22-820F-99B492B39BCB}"
EndProject
Project("{9A19103F-16F7-4668-BE54-9A1E7A4F7556}") = "Common", "Common\Common.csproj", "{2CEFE30B-F99D-4E62-8D33-2366A6F75F7F}"
EndProject
Project("{2150E333-8FDC-42A3-9474-1A3956D46DE8}") = "Chapter1", "Chapter1", "{F7676E7B-4F14-48D9-8985-3FA73BF633BD}"
EndProject
Project("{2150E333-8FDC-42A3-9474-1A3956D46DE8}") = "Chapter2", "Chapter2", "{F66727D5-726B-41DF-8318-6E12733B278F}"
EndProject
Project("{9A19103F-16F7-4668-BE54-9A1E7A4F7556}") = "1-Colors", "Chapter2\1-Colors\1-Colors.csproj", "{F363CEB6-1E2C-4114-AA8C-85452472F82B}"
EndProject
Project("{9A19103F-16F7-4668-BE54-9A1E7A4F7556}") = "2-BasicLighting", "Chapter2\2-BasicLighting\2-BasicLighting.csproj", "{06BF8581-BA93-4891-9CE8-0BA4E8C7A200}"
EndProject
Project("{9A19103F-16F7-4668-BE54-9A1E7A4F7556}") = "3-Materials", "Chapter2\3-Materials\3-Materials.csproj", "{0B57E5F4-0E40-4AB6-82F7-E8A2D63AE2F5}"
EndProject
Project("{9A19103F-16F7-4668-BE54-9A1E7A4F7556}") = "4-LightingMaps", "Chapter2\4-LightingMaps\4-LightingMaps.csproj", "{8C1E543A-D1BF-4B66-86C9-0897DD50B044}"
EndProject
Project("{9A19103F-16F7-4668-BE54-9A1E7A4F7556}") = "6-MultipleLights", "Chapter2\6-MultipleLights\6-MultipleLights.csproj", "{519EDF78-AA47-4A55-8953-5DF0CD408679}"
EndProject
Project("{9A19103F-16F7-4668-BE54-9A1E7A4F7556}") = "5-LightCasters-DirectionalLights", "Chapter2\5-LightCasters-DirectionalLights\5-LightCasters-DirectionalLights.csproj", "{0E05843C-001E-4773-A1E3-1E48EC18BA36}"
EndProject
Project("{9A19103F-16F7-4668-BE54-9A1E7A4F7556}") = "5-LightCasters-PointLights", "Chapter2\5-LightCasters-PointLights\5-LightCasters-PointLights.csproj", "{3531934C-7535-4A18-B598-C21359004324}"
EndProject
Project("{9A19103F-16F7-4668-BE54-9A1E7A4F7556}") = "5-LightCasters-Spotlight", "Chapter2\5-LightCasters-Spotlight\5-LightCasters-Spotlight.csproj", "{2DD36D08-FBC6-40E1-8EB9-3C94ABE6985E}"
EndProject
Project("{FAE04EC0-301F-11D3-BF4B-00C04F79EFBC}") = "4-Shaders-InsAndOuts", "Chapter1\4-Shaders-InsAndOuts\4-Shaders-InsAndOuts.csproj", "{1234CBB6-22C1-42D0-828B-1D1E7085EF33}"
EndProject
Project("{FAE04EC0-301F-11D3-BF4B-00C04F79EFBC}") = "4-Shaders-Uniforms", "Chapter1\4-Shaders-Uniforms\4-Shaders-Uniforms.csproj", "{E8DA696D-F948-4967-BF75-1570A2957C3B}"
EndProject
Project("{FAE04EC0-301F-11D3-BF4B-00C04F79EFBC}") = "4-Shaders-MoreAttributes", "Chapter1\4-Shaders-MoreAttributes\4-Shaders-MoreAttributes.csproj", "{EB44CAF3-EB1B-4FD1-B29C-DA592568E013}"
EndProject
Global
	GlobalSection(SolutionConfigurationPlatforms) = preSolution
		Debug|Any CPU = Debug|Any CPU
		Release|Any CPU = Release|Any CPU
	EndGlobalSection
	GlobalSection(ProjectConfigurationPlatforms) = postSolution
		{39A0FE24-A920-4C13-9BB9-18483FECD55D}.Debug|Any CPU.ActiveCfg = Debug|Any CPU
		{39A0FE24-A920-4C13-9BB9-18483FECD55D}.Debug|Any CPU.Build.0 = Debug|Any CPU
		{39A0FE24-A920-4C13-9BB9-18483FECD55D}.Release|Any CPU.ActiveCfg = Release|Any CPU
		{39A0FE24-A920-4C13-9BB9-18483FECD55D}.Release|Any CPU.Build.0 = Release|Any CPU
		{6E4EC91D-F0D3-42BC-8306-09671FA9E332}.Debug|Any CPU.ActiveCfg = Debug|Any CPU
		{6E4EC91D-F0D3-42BC-8306-09671FA9E332}.Debug|Any CPU.Build.0 = Debug|Any CPU
		{6E4EC91D-F0D3-42BC-8306-09671FA9E332}.Release|Any CPU.ActiveCfg = Release|Any CPU
		{6E4EC91D-F0D3-42BC-8306-09671FA9E332}.Release|Any CPU.Build.0 = Release|Any CPU
		{63476AD1-106A-4086-8B0E-E295567BC526}.Debug|Any CPU.ActiveCfg = Debug|Any CPU
		{63476AD1-106A-4086-8B0E-E295567BC526}.Debug|Any CPU.Build.0 = Debug|Any CPU
		{63476AD1-106A-4086-8B0E-E295567BC526}.Release|Any CPU.ActiveCfg = Release|Any CPU
		{63476AD1-106A-4086-8B0E-E295567BC526}.Release|Any CPU.Build.0 = Release|Any CPU
		{BC7E1E6C-30F4-4D37-BEAD-44571FCD4ECD}.Debug|Any CPU.ActiveCfg = Debug|Any CPU
		{BC7E1E6C-30F4-4D37-BEAD-44571FCD4ECD}.Debug|Any CPU.Build.0 = Debug|Any CPU
		{BC7E1E6C-30F4-4D37-BEAD-44571FCD4ECD}.Release|Any CPU.ActiveCfg = Release|Any CPU
		{BC7E1E6C-30F4-4D37-BEAD-44571FCD4ECD}.Release|Any CPU.Build.0 = Release|Any CPU
		{1A16223E-7FC4-41A4-9487-71B1782BC98D}.Debug|Any CPU.ActiveCfg = Debug|Any CPU
		{1A16223E-7FC4-41A4-9487-71B1782BC98D}.Debug|Any CPU.Build.0 = Debug|Any CPU
		{1A16223E-7FC4-41A4-9487-71B1782BC98D}.Release|Any CPU.ActiveCfg = Release|Any CPU
		{1A16223E-7FC4-41A4-9487-71B1782BC98D}.Release|Any CPU.Build.0 = Release|Any CPU
		{3E11B0DB-76CD-4B23-84D3-0976C38B1A20}.Debug|Any CPU.ActiveCfg = Debug|Any CPU
		{3E11B0DB-76CD-4B23-84D3-0976C38B1A20}.Debug|Any CPU.Build.0 = Debug|Any CPU
		{3E11B0DB-76CD-4B23-84D3-0976C38B1A20}.Release|Any CPU.ActiveCfg = Release|Any CPU
		{3E11B0DB-76CD-4B23-84D3-0976C38B1A20}.Release|Any CPU.Build.0 = Release|Any CPU
		{13DFF44A-3D98-44B9-ADE0-B447053FECFC}.Debug|Any CPU.ActiveCfg = Debug|Any CPU
		{13DFF44A-3D98-44B9-ADE0-B447053FECFC}.Debug|Any CPU.Build.0 = Debug|Any CPU
		{13DFF44A-3D98-44B9-ADE0-B447053FECFC}.Release|Any CPU.ActiveCfg = Release|Any CPU
		{13DFF44A-3D98-44B9-ADE0-B447053FECFC}.Release|Any CPU.Build.0 = Release|Any CPU
		{F2E87EBD-BA5C-4A22-820F-99B492B39BCB}.Debug|Any CPU.ActiveCfg = Debug|Any CPU
		{F2E87EBD-BA5C-4A22-820F-99B492B39BCB}.Debug|Any CPU.Build.0 = Debug|Any CPU
		{F2E87EBD-BA5C-4A22-820F-99B492B39BCB}.Release|Any CPU.ActiveCfg = Release|Any CPU
		{F2E87EBD-BA5C-4A22-820F-99B492B39BCB}.Release|Any CPU.Build.0 = Release|Any CPU
		{2CEFE30B-F99D-4E62-8D33-2366A6F75F7F}.Debug|Any CPU.ActiveCfg = Debug|Any CPU
		{2CEFE30B-F99D-4E62-8D33-2366A6F75F7F}.Debug|Any CPU.Build.0 = Debug|Any CPU
		{2CEFE30B-F99D-4E62-8D33-2366A6F75F7F}.Release|Any CPU.ActiveCfg = Release|Any CPU
		{2CEFE30B-F99D-4E62-8D33-2366A6F75F7F}.Release|Any CPU.Build.0 = Release|Any CPU
		{F363CEB6-1E2C-4114-AA8C-85452472F82B}.Debug|Any CPU.ActiveCfg = Debug|Any CPU
		{F363CEB6-1E2C-4114-AA8C-85452472F82B}.Debug|Any CPU.Build.0 = Debug|Any CPU
		{F363CEB6-1E2C-4114-AA8C-85452472F82B}.Release|Any CPU.ActiveCfg = Release|Any CPU
		{F363CEB6-1E2C-4114-AA8C-85452472F82B}.Release|Any CPU.Build.0 = Release|Any CPU
		{06BF8581-BA93-4891-9CE8-0BA4E8C7A200}.Debug|Any CPU.ActiveCfg = Debug|Any CPU
		{06BF8581-BA93-4891-9CE8-0BA4E8C7A200}.Debug|Any CPU.Build.0 = Debug|Any CPU
		{06BF8581-BA93-4891-9CE8-0BA4E8C7A200}.Release|Any CPU.ActiveCfg = Release|Any CPU
		{06BF8581-BA93-4891-9CE8-0BA4E8C7A200}.Release|Any CPU.Build.0 = Release|Any CPU
		{0B57E5F4-0E40-4AB6-82F7-E8A2D63AE2F5}.Debug|Any CPU.ActiveCfg = Debug|Any CPU
		{0B57E5F4-0E40-4AB6-82F7-E8A2D63AE2F5}.Debug|Any CPU.Build.0 = Debug|Any CPU
		{0B57E5F4-0E40-4AB6-82F7-E8A2D63AE2F5}.Release|Any CPU.ActiveCfg = Release|Any CPU
		{0B57E5F4-0E40-4AB6-82F7-E8A2D63AE2F5}.Release|Any CPU.Build.0 = Release|Any CPU
		{8C1E543A-D1BF-4B66-86C9-0897DD50B044}.Debug|Any CPU.ActiveCfg = Debug|Any CPU
		{8C1E543A-D1BF-4B66-86C9-0897DD50B044}.Debug|Any CPU.Build.0 = Debug|Any CPU
		{8C1E543A-D1BF-4B66-86C9-0897DD50B044}.Release|Any CPU.ActiveCfg = Release|Any CPU
		{8C1E543A-D1BF-4B66-86C9-0897DD50B044}.Release|Any CPU.Build.0 = Release|Any CPU
		{519EDF78-AA47-4A55-8953-5DF0CD408679}.Debug|Any CPU.ActiveCfg = Debug|Any CPU
		{519EDF78-AA47-4A55-8953-5DF0CD408679}.Debug|Any CPU.Build.0 = Debug|Any CPU
		{519EDF78-AA47-4A55-8953-5DF0CD408679}.Release|Any CPU.ActiveCfg = Release|Any CPU
		{519EDF78-AA47-4A55-8953-5DF0CD408679}.Release|Any CPU.Build.0 = Release|Any CPU
		{0E05843C-001E-4773-A1E3-1E48EC18BA36}.Debug|Any CPU.ActiveCfg = Debug|Any CPU
		{0E05843C-001E-4773-A1E3-1E48EC18BA36}.Debug|Any CPU.Build.0 = Debug|Any CPU
		{0E05843C-001E-4773-A1E3-1E48EC18BA36}.Release|Any CPU.ActiveCfg = Release|Any CPU
		{0E05843C-001E-4773-A1E3-1E48EC18BA36}.Release|Any CPU.Build.0 = Release|Any CPU
		{3531934C-7535-4A18-B598-C21359004324}.Debug|Any CPU.ActiveCfg = Debug|Any CPU
		{3531934C-7535-4A18-B598-C21359004324}.Debug|Any CPU.Build.0 = Debug|Any CPU
		{3531934C-7535-4A18-B598-C21359004324}.Release|Any CPU.ActiveCfg = Release|Any CPU
		{3531934C-7535-4A18-B598-C21359004324}.Release|Any CPU.Build.0 = Release|Any CPU
		{2DD36D08-FBC6-40E1-8EB9-3C94ABE6985E}.Debug|Any CPU.ActiveCfg = Debug|Any CPU
		{2DD36D08-FBC6-40E1-8EB9-3C94ABE6985E}.Debug|Any CPU.Build.0 = Debug|Any CPU
		{2DD36D08-FBC6-40E1-8EB9-3C94ABE6985E}.Release|Any CPU.ActiveCfg = Release|Any CPU
		{2DD36D08-FBC6-40E1-8EB9-3C94ABE6985E}.Release|Any CPU.Build.0 = Release|Any CPU
		{1234CBB6-22C1-42D0-828B-1D1E7085EF33}.Debug|Any CPU.ActiveCfg = Debug|Any CPU
		{1234CBB6-22C1-42D0-828B-1D1E7085EF33}.Debug|Any CPU.Build.0 = Debug|Any CPU
		{1234CBB6-22C1-42D0-828B-1D1E7085EF33}.Release|Any CPU.ActiveCfg = Release|Any CPU
		{1234CBB6-22C1-42D0-828B-1D1E7085EF33}.Release|Any CPU.Build.0 = Release|Any CPU
		{E8DA696D-F948-4967-BF75-1570A2957C3B}.Debug|Any CPU.ActiveCfg = Debug|Any CPU
		{E8DA696D-F948-4967-BF75-1570A2957C3B}.Debug|Any CPU.Build.0 = Debug|Any CPU
		{E8DA696D-F948-4967-BF75-1570A2957C3B}.Release|Any CPU.ActiveCfg = Release|Any CPU
		{E8DA696D-F948-4967-BF75-1570A2957C3B}.Release|Any CPU.Build.0 = Release|Any CPU
		{EB44CAF3-EB1B-4FD1-B29C-DA592568E013}.Debug|Any CPU.ActiveCfg = Debug|Any CPU
		{EB44CAF3-EB1B-4FD1-B29C-DA592568E013}.Debug|Any CPU.Build.0 = Debug|Any CPU
		{EB44CAF3-EB1B-4FD1-B29C-DA592568E013}.Release|Any CPU.ActiveCfg = Release|Any CPU
		{EB44CAF3-EB1B-4FD1-B29C-DA592568E013}.Release|Any CPU.Build.0 = Release|Any CPU
	EndGlobalSection
	GlobalSection(SolutionProperties) = preSolution
		HideSolutionNode = FALSE
	EndGlobalSection
	GlobalSection(NestedProjects) = preSolution
		{39A0FE24-A920-4C13-9BB9-18483FECD55D} = {F7676E7B-4F14-48D9-8985-3FA73BF633BD}
		{6E4EC91D-F0D3-42BC-8306-09671FA9E332} = {F7676E7B-4F14-48D9-8985-3FA73BF633BD}
		{63476AD1-106A-4086-8B0E-E295567BC526} = {F7676E7B-4F14-48D9-8985-3FA73BF633BD}
		{BC7E1E6C-30F4-4D37-BEAD-44571FCD4ECD} = {F7676E7B-4F14-48D9-8985-3FA73BF633BD}
		{1A16223E-7FC4-41A4-9487-71B1782BC98D} = {F7676E7B-4F14-48D9-8985-3FA73BF633BD}
		{3E11B0DB-76CD-4B23-84D3-0976C38B1A20} = {F7676E7B-4F14-48D9-8985-3FA73BF633BD}
		{13DFF44A-3D98-44B9-ADE0-B447053FECFC} = {F7676E7B-4F14-48D9-8985-3FA73BF633BD}
		{F2E87EBD-BA5C-4A22-820F-99B492B39BCB} = {F7676E7B-4F14-48D9-8985-3FA73BF633BD}
		{F363CEB6-1E2C-4114-AA8C-85452472F82B} = {F66727D5-726B-41DF-8318-6E12733B278F}
		{06BF8581-BA93-4891-9CE8-0BA4E8C7A200} = {F66727D5-726B-41DF-8318-6E12733B278F}
		{0B57E5F4-0E40-4AB6-82F7-E8A2D63AE2F5} = {F66727D5-726B-41DF-8318-6E12733B278F}
		{8C1E543A-D1BF-4B66-86C9-0897DD50B044} = {F66727D5-726B-41DF-8318-6E12733B278F}
		{519EDF78-AA47-4A55-8953-5DF0CD408679} = {F66727D5-726B-41DF-8318-6E12733B278F}
		{0E05843C-001E-4773-A1E3-1E48EC18BA36} = {F66727D5-726B-41DF-8318-6E12733B278F}
		{3531934C-7535-4A18-B598-C21359004324} = {F66727D5-726B-41DF-8318-6E12733B278F}
		{2DD36D08-FBC6-40E1-8EB9-3C94ABE6985E} = {F66727D5-726B-41DF-8318-6E12733B278F}
		{1234CBB6-22C1-42D0-828B-1D1E7085EF33} = {F7676E7B-4F14-48D9-8985-3FA73BF633BD}
		{E8DA696D-F948-4967-BF75-1570A2957C3B} = {F7676E7B-4F14-48D9-8985-3FA73BF633BD}
		{EB44CAF3-EB1B-4FD1-B29C-DA592568E013} = {F7676E7B-4F14-48D9-8985-3FA73BF633BD}
	EndGlobalSection
	GlobalSection(ExtensibilityGlobals) = postSolution
		SolutionGuid = {2A8747DC-91DB-4ECB-AB4A-5504F9D715D9}
	EndGlobalSection
	GlobalSection(ExtensibilityGlobals) = postSolution
		SolutionGuid = {2A8747DC-91DB-4ECB-AB4A-5504F9D715D9}
	EndGlobalSection
EndGlobal
