
Microsoft Visual Studio Solution File, Format Version 12.00
# Visual Studio Version 16
VisualStudioVersion = 25.0.1706.6
MinimumVisualStudioVersion = 10.0.40219.1
Project("{FAE04EC0-301F-11D3-BF4B-00C04F79EFBC}") = "1-ModelLoading", "1-ModelLoading.csproj", "{5387BE4E-2DD0-4891-B439-5DDAEBEFB0F1}"
EndProject
Global
	GlobalSection(SolutionConfigurationPlatforms) = preSolution
		Debug|Any CPU = Debug|Any CPU
		Release|Any CPU = Release|Any CPU
	EndGlobalSection
	GlobalSection(ProjectConfigurationPlatforms) = postSolution
		{5387BE4E-2DD0-4891-B439-5DDAEBEFB0F1}.Debug|Any CPU.ActiveCfg = Debug|Any CPU
		{5387BE4E-2DD0-4891-B439-5DDAEBEFB0F1}.Debug|Any CPU.Build.0 = Debug|Any CPU
		{5387BE4E-2DD0-4891-B439-5DDAEBEFB0F1}.Release|Any CPU.ActiveCfg = Release|Any CPU
		{5387BE4E-2DD0-4891-B439-5DDAEBEFB0F1}.Release|Any CPU.Build.0 = Release|Any CPU
	EndGlobalSection
	GlobalSection(SolutionProperties) = preSolution
		HideSolutionNode = FALSE
	EndGlobalSection
	GlobalSection(ExtensibilityGlobals) = postSolution
		SolutionGuid = {57349D06-7972-4770-A2BD-D0B41770C0D5}
	EndGlobalSection
EndGlobal
